
Microsoft Visual Studio Solution File, Format Version 12.00
# Visual Studio Version 17
VisualStudioVersion = 17.9.34701.34
MinimumVisualStudioVersion = 10.0.40219.1
Project("{FAE04EC0-301F-11D3-BF4B-00C04F79EFBC}") = "chatPrueba", "chatPrueba\chatPrueba.csproj", "{07301488-3F31-4255-BBE3-AFCF56F753C3}"
EndProject
Project("{FAE04EC0-301F-11D3-BF4B-00C04F79EFBC}") = "ChatServer", "ChatServer\ChatServer.csproj", "{28BDC3BB-504D-43C6-A524-F14BEFF88458}"
EndProject
Global
	GlobalSection(SolutionConfigurationPlatforms) = preSolution
		Debug|Any CPU = Debug|Any CPU
		Release|Any CPU = Release|Any CPU
	EndGlobalSection
	GlobalSection(ProjectConfigurationPlatforms) = postSolution
		{07301488-3F31-4255-BBE3-AFCF56F753C3}.Debug|Any CPU.ActiveCfg = Debug|Any CPU
		{07301488-3F31-4255-BBE3-AFCF56F753C3}.Debug|Any CPU.Build.0 = Debug|Any CPU
		{07301488-3F31-4255-BBE3-AFCF56F753C3}.Release|Any CPU.ActiveCfg = Release|Any CPU
		{07301488-3F31-4255-BBE3-AFCF56F753C3}.Release|Any CPU.Build.0 = Release|Any CPU
		{28BDC3BB-504D-43C6-A524-F14BEFF88458}.Debug|Any CPU.ActiveCfg = Debug|Any CPU
		{28BDC3BB-504D-43C6-A524-F14BEFF88458}.Debug|Any CPU.Build.0 = Debug|Any CPU
		{28BDC3BB-504D-43C6-A524-F14BEFF88458}.Release|Any CPU.ActiveCfg = Release|Any CPU
		{28BDC3BB-504D-43C6-A524-F14BEFF88458}.Release|Any CPU.Build.0 = Release|Any CPU
	EndGlobalSection
	GlobalSection(SolutionProperties) = preSolution
		HideSolutionNode = FALSE
	EndGlobalSection
	GlobalSection(ExtensibilityGlobals) = postSolution
		SolutionGuid = {5934868F-0560-462B-873C-C66DD875F2BA}
	EndGlobalSection
EndGlobal
